// !$*UTF8*$!
{
	archiveVersion = 1;
	classes = {
	};
	objectVersion = 56;
	objects = {

/* Begin PBXBuildFile section */
		783F21AB2D439AF600FAF642 /* Syut.swift in Sources */ = {isa = PBXBuildFile; fileRef = 783F21AA2D439AF600FAF642 /* Syut.swift */; };
		783F21AD2D439B0300FAF642 /* Wubi.swift in Sources */ = {isa = PBXBuildFile; fileRef = 783F21AC2D439B0300FAF642 /* Wubi.swift */; };
		783F21AF2D439B0F00FAF642 /* Dcael.swift in Sources */ = {isa = PBXBuildFile; fileRef = 783F21AE2D439B0F00FAF642 /* Dcael.swift */; };
		78B1C8112CEF47F500360F92 /* App1055App.swift in Sources */ = {isa = PBXBuildFile; fileRef = 78B1C8102CEF47F500360F92 /* App1055App.swift */; };
		78B1C8132CEF47F500360F92 /* ContentView.swift in Sources */ = {isa = PBXBuildFile; fileRef = 78B1C8122CEF47F500360F92 /* ContentView.swift */; };
		78B1C8152CEF480300360F92 /* Assets.xcassets in Resources */ = {isa = PBXBuildFile; fileRef = 78B1C8142CEF480300360F92 /* Assets.xcassets */; };
		78B1C8192CEF480300360F92 /* Preview Assets.xcassets in Resources */ = {isa = PBXBuildFile; fileRef = 78B1C8182CEF480300360F92 /* Preview Assets.xcassets */; };
		78B1C8292CEF486C00360F92 /* Launch Screen.storyboard in Resources */ = {isa = PBXBuildFile; fileRef = 78B1C8282CEF486C00360F92 /* Launch Screen.storyboard */; };
		78B1C82C2CEF487600360F92 /* CoreModel.xcdatamodeld in Sources */ = {isa = PBXBuildFile; fileRef = 78B1C82A2CEF487600360F92 /* CoreModel.xcdatamodeld */; };
		78B1C82E2CEF488400360F92 /* LaodingView.swift in Sources */ = {isa = PBXBuildFile; fileRef = 78B1C82D2CEF488400360F92 /* LaodingView.swift */; };
		78B1C8302CEF488800360F92 /* R1.swift in Sources */ = {isa = PBXBuildFile; fileRef = 78B1C82F2CEF488800360F92 /* R1.swift */; };
		78B1C8322CEF488E00360F92 /* R2.swift in Sources */ = {isa = PBXBuildFile; fileRef = 78B1C8312CEF488E00360F92 /* R2.swift */; };
		78B1C8342CEF489200360F92 /* U1.swift in Sources */ = {isa = PBXBuildFile; fileRef = 78B1C8332CEF489200360F92 /* U1.swift */; };
		78B1C8362CEF489800360F92 /* Reviews.swift in Sources */ = {isa = PBXBuildFile; fileRef = 78B1C8352CEF489800360F92 /* Reviews.swift */; };
		78B1C8382CEF489D00360F92 /* Not.swift in Sources */ = {isa = PBXBuildFile; fileRef = 78B1C8372CEF489D00360F92 /* Not.swift */; };
		78B1C83A2CEF48A200360F92 /* TabBar.swift in Sources */ = {isa = PBXBuildFile; fileRef = 78B1C8392CEF48A200360F92 /* TabBar.swift */; };
		78B1C83C2CEF48AB00360F92 /* CoreDataStack.swift in Sources */ = {isa = PBXBuildFile; fileRef = 78B1C83B2CEF48AB00360F92 /* CoreDataStack.swift */; };
		78B1C83E2CEF48B000360F92 /* Array.swift in Sources */ = {isa = PBXBuildFile; fileRef = 78B1C83D2CEF48B000360F92 /* Array.swift */; };
		78B1C8402CEF48B600360F92 /* DateConvert.swift in Sources */ = {isa = PBXBuildFile; fileRef = 78B1C83F2CEF48B600360F92 /* DateConvert.swift */; };
		78B1C8462CEF48E100360F92 /* SpendingView.swift in Sources */ = {isa = PBXBuildFile; fileRef = 78B1C8452CEF48E100360F92 /* SpendingView.swift */; };
		78B1C8482CEF48E900360F92 /* SpendingViewModel.swift in Sources */ = {isa = PBXBuildFile; fileRef = 78B1C8472CEF48E900360F92 /* SpendingViewModel.swift */; };
		78B1C84A2CEF48F000360F92 /* BooksView.swift in Sources */ = {isa = PBXBuildFile; fileRef = 78B1C8492CEF48F000360F92 /* BooksView.swift */; };
		78B1C84C2CEF48F600360F92 /* BooksViewModel.swift in Sources */ = {isa = PBXBuildFile; fileRef = 78B1C84B2CEF48F600360F92 /* BooksViewModel.swift */; };
		78B1C84E2CEF48FD00360F92 /* CoursesView.swift in Sources */ = {isa = PBXBuildFile; fileRef = 78B1C84D2CEF48FD00360F92 /* CoursesView.swift */; };
		78B1C8502CEF490600360F92 /* CoursesViewModel.swift in Sources */ = {isa = PBXBuildFile; fileRef = 78B1C84F2CEF490600360F92 /* CoursesViewModel.swift */; };
		78B1C8522CEF490E00360F92 /* SettingsView.swift in Sources */ = {isa = PBXBuildFile; fileRef = 78B1C8512CEF490E00360F92 /* SettingsView.swift */; };
		78B1C8552CEF509400360F92 /* AddCourse.swift in Sources */ = {isa = PBXBuildFile; fileRef = 78B1C8542CEF509400360F92 /* AddCourse.swift */; };
		78B1C8582CEF53E800360F92 /* AddBook.swift in Sources */ = {isa = PBXBuildFile; fileRef = 78B1C8572CEF53E800360F92 /* AddBook.swift */; };
		78B1C85B2CEF53F700360F92 /* AddSpend.swift in Sources */ = {isa = PBXBuildFile; fileRef = 78B1C85A2CEF53F700360F92 /* AddSpend.swift */; };
		78B1C85E2CEF598B00360F92 /* BookDetail.swift in Sources */ = {isa = PBXBuildFile; fileRef = 78B1C85D2CEF598B00360F92 /* BookDetail.swift */; };
		78B1C8612CEF5E6800360F92 /* CourseDetil.swift in Sources */ = {isa = PBXBuildFile; fileRef = 78B1C8602CEF5E6800360F92 /* CourseDetil.swift */; };
/* End PBXBuildFile section */

/* Begin PBXFileReference section */
		783F21AA2D439AF600FAF642 /* Syut.swift */ = {isa = PBXFileReference; lastKnownFileType = sourcecode.swift; path = Syut.swift; sourceTree = "<group>"; };
		783F21AC2D439B0300FAF642 /* Wubi.swift */ = {isa = PBXFileReference; lastKnownFileType = sourcecode.swift; path = Wubi.swift; sourceTree = "<group>"; };
		783F21AE2D439B0F00FAF642 /* Dcael.swift */ = {isa = PBXFileReference; lastKnownFileType = sourcecode.swift; path = Dcael.swift; sourceTree = "<group>"; };
		78B1C80D2CEF47F500360F92 /* App1055.app */ = {isa = PBXFileReference; explicitFileType = wrapper.application; includeInIndex = 0; path = App1055.app; sourceTree = BUILT_PRODUCTS_DIR; };
		78B1C8102CEF47F500360F92 /* App1055App.swift */ = {isa = PBXFileReference; lastKnownFileType = sourcecode.swift; path = App1055App.swift; sourceTree = "<group>"; };
		78B1C8122CEF47F500360F92 /* ContentView.swift */ = {isa = PBXFileReference; lastKnownFileType = sourcecode.swift; path = ContentView.swift; sourceTree = "<group>"; };
		78B1C8142CEF480300360F92 /* Assets.xcassets */ = {isa = PBXFileReference; lastKnownFileType = folder.assetcatalog; path = Assets.xcassets; sourceTree = "<group>"; };
		78B1C8162CEF480300360F92 /* App1055.entitlements */ = {isa = PBXFileReference; lastKnownFileType = text.plist.entitlements; path = App1055.entitlements; sourceTree = "<group>"; };
		78B1C8182CEF480300360F92 /* Preview Assets.xcassets */ = {isa = PBXFileReference; lastKnownFileType = folder.assetcatalog; path = "Preview Assets.xcassets"; sourceTree = "<group>"; };
		78B1C8282CEF486C00360F92 /* Launch Screen.storyboard */ = {isa = PBXFileReference; lastKnownFileType = file.storyboard; path = "Launch Screen.storyboard"; sourceTree = "<group>"; };
		78B1C82B2CEF487600360F92 /* CoreModel.xcdatamodel */ = {isa = PBXFileReference; lastKnownFileType = wrapper.xcdatamodel; path = CoreModel.xcdatamodel; sourceTree = "<group>"; };
		78B1C82D2CEF488400360F92 /* LaodingView.swift */ = {isa = PBXFileReference; lastKnownFileType = sourcecode.swift; path = LaodingView.swift; sourceTree = "<group>"; };
		78B1C82F2CEF488800360F92 /* R1.swift */ = {isa = PBXFileReference; lastKnownFileType = sourcecode.swift; path = R1.swift; sourceTree = "<group>"; };
		78B1C8312CEF488E00360F92 /* R2.swift */ = {isa = PBXFileReference; lastKnownFileType = sourcecode.swift; path = R2.swift; sourceTree = "<group>"; };
		78B1C8332CEF489200360F92 /* U1.swift */ = {isa = PBXFileReference; lastKnownFileType = sourcecode.swift; path = U1.swift; sourceTree = "<group>"; };
		78B1C8352CEF489800360F92 /* Reviews.swift */ = {isa = PBXFileReference; lastKnownFileType = sourcecode.swift; path = Reviews.swift; sourceTree = "<group>"; };
		78B1C8372CEF489D00360F92 /* Not.swift */ = {isa = PBXFileReference; lastKnownFileType = sourcecode.swift; path = Not.swift; sourceTree = "<group>"; };
		78B1C8392CEF48A200360F92 /* TabBar.swift */ = {isa = PBXFileReference; lastKnownFileType = sourcecode.swift; path = TabBar.swift; sourceTree = "<group>"; };
		78B1C83B2CEF48AB00360F92 /* CoreDataStack.swift */ = {isa = PBXFileReference; lastKnownFileType = sourcecode.swift; path = CoreDataStack.swift; sourceTree = "<group>"; };
		78B1C83D2CEF48B000360F92 /* Array.swift */ = {isa = PBXFileReference; lastKnownFileType = sourcecode.swift; path = Array.swift; sourceTree = "<group>"; };
		78B1C83F2CEF48B600360F92 /* DateConvert.swift */ = {isa = PBXFileReference; lastKnownFileType = sourcecode.swift; path = DateConvert.swift; sourceTree = "<group>"; };
		78B1C8452CEF48E100360F92 /* SpendingView.swift */ = {isa = PBXFileReference; lastKnownFileType = sourcecode.swift; path = SpendingView.swift; sourceTree = "<group>"; };
		78B1C8472CEF48E900360F92 /* SpendingViewModel.swift */ = {isa = PBXFileReference; lastKnownFileType = sourcecode.swift; path = SpendingViewModel.swift; sourceTree = "<group>"; };
		78B1C8492CEF48F000360F92 /* BooksView.swift */ = {isa = PBXFileReference; lastKnownFileType = sourcecode.swift; path = BooksView.swift; sourceTree = "<group>"; };
		78B1C84B2CEF48F600360F92 /* BooksViewModel.swift */ = {isa = PBXFileReference; lastKnownFileType = sourcecode.swift; path = BooksViewModel.swift; sourceTree = "<group>"; };
		78B1C84D2CEF48FD00360F92 /* CoursesView.swift */ = {isa = PBXFileReference; lastKnownFileType = sourcecode.swift; path = CoursesView.swift; sourceTree = "<group>"; };
		78B1C84F2CEF490600360F92 /* CoursesViewModel.swift */ = {isa = PBXFileReference; lastKnownFileType = sourcecode.swift; path = CoursesViewModel.swift; sourceTree = "<group>"; };
		78B1C8512CEF490E00360F92 /* SettingsView.swift */ = {isa = PBXFileReference; lastKnownFileType = sourcecode.swift; path = SettingsView.swift; sourceTree = "<group>"; };
		78B1C8542CEF509400360F92 /* AddCourse.swift */ = {isa = PBXFileReference; lastKnownFileType = sourcecode.swift; path = AddCourse.swift; sourceTree = "<group>"; };
		78B1C8572CEF53E800360F92 /* AddBook.swift */ = {isa = PBXFileReference; lastKnownFileType = sourcecode.swift; path = AddBook.swift; sourceTree = "<group>"; };
		78B1C85A2CEF53F700360F92 /* AddSpend.swift */ = {isa = PBXFileReference; lastKnownFileType = sourcecode.swift; path = AddSpend.swift; sourceTree = "<group>"; };
		78B1C85D2CEF598B00360F92 /* BookDetail.swift */ = {isa = PBXFileReference; lastKnownFileType = sourcecode.swift; path = BookDetail.swift; sourceTree = "<group>"; };
		78B1C8602CEF5E6800360F92 /* CourseDetil.swift */ = {isa = PBXFileReference; lastKnownFileType = sourcecode.swift; path = CourseDetil.swift; sourceTree = "<group>"; };
/* End PBXFileReference section */

/* Begin PBXFrameworksBuildPhase section */
		78B1C80A2CEF47F500360F92 /* Frameworks */ = {
			isa = PBXFrameworksBuildPhase;
			buildActionMask = 2147483647;
			files = (
			);
			runOnlyForDeploymentPostprocessing = 0;
		};
/* End PBXFrameworksBuildPhase section */

/* Begin PBXGroup section */
		78B1C8042CEF47F500360F92 = {
			isa = PBXGroup;
			children = (
				78B1C80F2CEF47F500360F92 /* App1055 */,
				78B1C80E2CEF47F500360F92 /* Products */,
			);
			sourceTree = "<group>";
		};
		78B1C80E2CEF47F500360F92 /* Products */ = {
			isa = PBXGroup;
			children = (
				78B1C80D2CEF47F500360F92 /* App1055.app */,
			);
			name = Products;
			sourceTree = "<group>";
		};
		78B1C80F2CEF47F500360F92 /* App1055 */ = {
			isa = PBXGroup;
			children = (
				78B1C81F2CEF483F00360F92 /* All */,
				78B1C8102CEF47F500360F92 /* App1055App.swift */,
				78B1C8122CEF47F500360F92 /* ContentView.swift */,
				78B1C8142CEF480300360F92 /* Assets.xcassets */,
				78B1C8162CEF480300360F92 /* App1055.entitlements */,
				78B1C8172CEF480300360F92 /* Preview Content */,
			);
			path = App1055;
			sourceTree = "<group>";
		};
		78B1C8172CEF480300360F92 /* Preview Content */ = {
			isa = PBXGroup;
			children = (
				78B1C8182CEF480300360F92 /* Preview Assets.xcassets */,
			);
			path = "Preview Content";
			sourceTree = "<group>";
		};
		78B1C81F2CEF483F00360F92 /* All */ = {
			isa = PBXGroup;
			children = (
				78B1C8232CEF485000360F92 /* Views */,
				78B1C8222CEF484B00360F92 /* Extensions */,
				78B1C8212CEF484700360F92 /* TabBar */,
				78B1C8202CEF484300360F92 /* Start */,
			);
			path = All;
			sourceTree = "<group>";
		};
		78B1C8202CEF484300360F92 /* Start */ = {
			isa = PBXGroup;
			children = (
				78B1C8272CEF486400360F92 /* Re */,
				78B1C8262CEF486000360F92 /* Us */,
				78B1C8252CEF485900360F92 /* Loading */,
				78B1C8242CEF485500360F92 /* Launch */,
			);
			path = Start;
			sourceTree = "<group>";
		};
		78B1C8212CEF484700360F92 /* TabBar */ = {
			isa = PBXGroup;
			children = (
				78B1C8392CEF48A200360F92 /* TabBar.swift */,
			);
			path = TabBar;
			sourceTree = "<group>";
		};
		78B1C8222CEF484B00360F92 /* Extensions */ = {
			isa = PBXGroup;
			children = (
				78B1C82A2CEF487600360F92 /* CoreModel.xcdatamodeld */,
				78B1C83B2CEF48AB00360F92 /* CoreDataStack.swift */,
				78B1C83D2CEF48B000360F92 /* Array.swift */,
				78B1C83F2CEF48B600360F92 /* DateConvert.swift */,
				783F21AA2D439AF600FAF642 /* Syut.swift */,
				783F21AC2D439B0300FAF642 /* Wubi.swift */,
				783F21AE2D439B0F00FAF642 /* Dcael.swift */,
			);
			path = Extensions;
			sourceTree = "<group>";
		};
		78B1C8232CEF485000360F92 /* Views */ = {
			isa = PBXGroup;
			children = (
				78B1C8442CEF48D600360F92 /* Settings */,
				78B1C8432CEF48D100360F92 /* Courses */,
				78B1C8422CEF48CD00360F92 /* Books */,
				78B1C8412CEF48C300360F92 /* Spending */,
			);
			path = Views;
			sourceTree = "<group>";
		};
		78B1C8242CEF485500360F92 /* Launch */ = {
			isa = PBXGroup;
			children = (
				78B1C8282CEF486C00360F92 /* Launch Screen.storyboard */,
			);
			path = Launch;
			sourceTree = "<group>";
		};
		78B1C8252CEF485900360F92 /* Loading */ = {
			isa = PBXGroup;
			children = (
				78B1C82D2CEF488400360F92 /* LaodingView.swift */,
			);
			path = Loading;
			sourceTree = "<group>";
		};
		78B1C8262CEF486000360F92 /* Us */ = {
			isa = PBXGroup;
			children = (
				78B1C8332CEF489200360F92 /* U1.swift */,
				78B1C8352CEF489800360F92 /* Reviews.swift */,
				78B1C8372CEF489D00360F92 /* Not.swift */,
			);
			path = Us;
			sourceTree = "<group>";
		};
		78B1C8272CEF486400360F92 /* Re */ = {
			isa = PBXGroup;
			children = (
				78B1C82F2CEF488800360F92 /* R1.swift */,
				78B1C8312CEF488E00360F92 /* R2.swift */,
			);
			path = Re;
			sourceTree = "<group>";
		};
		78B1C8412CEF48C300360F92 /* Spending */ = {
			isa = PBXGroup;
			children = (
				78B1C8592CEF53ED00360F92 /* AddSpend */,
				78B1C8452CEF48E100360F92 /* SpendingView.swift */,
				78B1C8472CEF48E900360F92 /* SpendingViewModel.swift */,
			);
			path = Spending;
			sourceTree = "<group>";
		};
		78B1C8422CEF48CD00360F92 /* Books */ = {
			isa = PBXGroup;
			children = (
				78B1C85C2CEF598100360F92 /* BookDetail */,
				78B1C8562CEF53DF00360F92 /* AddBook */,
				78B1C8492CEF48F000360F92 /* BooksView.swift */,
				78B1C84B2CEF48F600360F92 /* BooksViewModel.swift */,
			);
			path = Books;
			sourceTree = "<group>";
		};
		78B1C8432CEF48D100360F92 /* Courses */ = {
			isa = PBXGroup;
			children = (
				78B1C85F2CEF5E5300360F92 /* CourseDetail */,
				78B1C8532CEF508800360F92 /* AddCourse */,
				78B1C84D2CEF48FD00360F92 /* CoursesView.swift */,
				78B1C84F2CEF490600360F92 /* CoursesViewModel.swift */,
			);
			path = Courses;
			sourceTree = "<group>";
		};
		78B1C8442CEF48D600360F92 /* Settings */ = {
			isa = PBXGroup;
			children = (
				78B1C8512CEF490E00360F92 /* SettingsView.swift */,
			);
			path = Settings;
			sourceTree = "<group>";
		};
		78B1C8532CEF508800360F92 /* AddCourse */ = {
			isa = PBXGroup;
			children = (
				78B1C8542CEF509400360F92 /* AddCourse.swift */,
			);
			path = AddCourse;
			sourceTree = "<group>";
		};
		78B1C8562CEF53DF00360F92 /* AddBook */ = {
			isa = PBXGroup;
			children = (
				78B1C8572CEF53E800360F92 /* AddBook.swift */,
			);
			path = AddBook;
			sourceTree = "<group>";
		};
		78B1C8592CEF53ED00360F92 /* AddSpend */ = {
			isa = PBXGroup;
			children = (
				78B1C85A2CEF53F700360F92 /* AddSpend.swift */,
			);
			path = AddSpend;
			sourceTree = "<group>";
		};
		78B1C85C2CEF598100360F92 /* BookDetail */ = {
			isa = PBXGroup;
			children = (
				78B1C85D2CEF598B00360F92 /* BookDetail.swift */,
			);
			path = BookDetail;
			sourceTree = "<group>";
		};
		78B1C85F2CEF5E5300360F92 /* CourseDetail */ = {
			isa = PBXGroup;
			children = (
				78B1C8602CEF5E6800360F92 /* CourseDetil.swift */,
			);
			path = CourseDetail;
			sourceTree = "<group>";
		};
/* End PBXGroup section */

/* Begin PBXNativeTarget section */
		78B1C80C2CEF47F500360F92 /* App1055 */ = {
			isa = PBXNativeTarget;
			buildConfigurationList = 78B1C81C2CEF480300360F92 /* Build configuration list for PBXNativeTarget "App1055" */;
			buildPhases = (
				78B1C8092CEF47F500360F92 /* Sources */,
				78B1C80A2CEF47F500360F92 /* Frameworks */,
				78B1C80B2CEF47F500360F92 /* Resources */,
			);
			buildRules = (
			);
			dependencies = (
			);
			name = App1055;
			productName = App1055;
			productReference = 78B1C80D2CEF47F500360F92 /* App1055.app */;
			productType = "com.apple.product-type.application";
		};
/* End PBXNativeTarget section */

/* Begin PBXProject section */
		78B1C8052CEF47F500360F92 /* Project object */ = {
			isa = PBXProject;
			attributes = {
				BuildIndependentTargetsInParallel = 1;
				LastSwiftUpdateCheck = 1540;
				LastUpgradeCheck = 1540;
				TargetAttributes = {
					78B1C80C2CEF47F500360F92 = {
						CreatedOnToolsVersion = 15.4;
					};
				};
			};
			buildConfigurationList = 78B1C8082CEF47F500360F92 /* Build configuration list for PBXProject "App1055" */;
			compatibilityVersion = "Xcode 14.0";
			developmentRegion = en;
			hasScannedForEncodings = 0;
			knownRegions = (
				en,
				Base,
			);
			mainGroup = 78B1C8042CEF47F500360F92;
			productRefGroup = 78B1C80E2CEF47F500360F92 /* Products */;
			projectDirPath = "";
			projectRoot = "";
			targets = (
				78B1C80C2CEF47F500360F92 /* App1055 */,
			);
		};
/* End PBXProject section */

/* Begin PBXResourcesBuildPhase section */
		78B1C80B2CEF47F500360F92 /* Resources */ = {
			isa = PBXResourcesBuildPhase;
			buildActionMask = 2147483647;
			files = (
				78B1C8292CEF486C00360F92 /* Launch Screen.storyboard in Resources */,
				78B1C8192CEF480300360F92 /* Preview Assets.xcassets in Resources */,
				78B1C8152CEF480300360F92 /* Assets.xcassets in Resources */,
			);
			runOnlyForDeploymentPostprocessing = 0;
		};
/* End PBXResourcesBuildPhase section */

/* Begin PBXSourcesBuildPhase section */
		78B1C8092CEF47F500360F92 /* Sources */ = {
			isa = PBXSourcesBuildPhase;
			buildActionMask = 2147483647;
			files = (
				78B1C8462CEF48E100360F92 /* SpendingView.swift in Sources */,
				78B1C84C2CEF48F600360F92 /* BooksViewModel.swift in Sources */,
				78B1C8132CEF47F500360F92 /* ContentView.swift in Sources */,
				78B1C8402CEF48B600360F92 /* DateConvert.swift in Sources */,
				78B1C84A2CEF48F000360F92 /* BooksView.swift in Sources */,
				78B1C8522CEF490E00360F92 /* SettingsView.swift in Sources */,
				78B1C82E2CEF488400360F92 /* LaodingView.swift in Sources */,
				78B1C8342CEF489200360F92 /* U1.swift in Sources */,
				78B1C82C2CEF487600360F92 /* CoreModel.xcdatamodeld in Sources */,
				78B1C8302CEF488800360F92 /* R1.swift in Sources */,
				78B1C8582CEF53E800360F92 /* AddBook.swift in Sources */,
				78B1C8362CEF489800360F92 /* Reviews.swift in Sources */,
				78B1C8552CEF509400360F92 /* AddCourse.swift in Sources */,
				78B1C8502CEF490600360F92 /* CoursesViewModel.swift in Sources */,
				78B1C85B2CEF53F700360F92 /* AddSpend.swift in Sources */,
				78B1C83C2CEF48AB00360F92 /* CoreDataStack.swift in Sources */,
				783F21AD2D439B0300FAF642 /* Wubi.swift in Sources */,
				783F21AB2D439AF600FAF642 /* Syut.swift in Sources */,
				78B1C8112CEF47F500360F92 /* App1055App.swift in Sources */,
				78B1C85E2CEF598B00360F92 /* BookDetail.swift in Sources */,
				78B1C8382CEF489D00360F92 /* Not.swift in Sources */,
				78B1C83E2CEF48B000360F92 /* Array.swift in Sources */,
				78B1C8322CEF488E00360F92 /* R2.swift in Sources */,
				783F21AF2D439B0F00FAF642 /* Dcael.swift in Sources */,
				78B1C83A2CEF48A200360F92 /* TabBar.swift in Sources */,
				78B1C8612CEF5E6800360F92 /* CourseDetil.swift in Sources */,
				78B1C8482CEF48E900360F92 /* SpendingViewModel.swift in Sources */,
				78B1C84E2CEF48FD00360F92 /* CoursesView.swift in Sources */,
			);
			runOnlyForDeploymentPostprocessing = 0;
		};
/* End PBXSourcesBuildPhase section */

/* Begin XCBuildConfiguration section */
		78B1C81A2CEF480300360F92 /* Debug */ = {
			isa = XCBuildConfiguration;
			buildSettings = {
				ALWAYS_SEARCH_USER_PATHS = NO;
				ASSETCATALOG_COMPILER_GENERATE_SWIFT_ASSET_SYMBOL_EXTENSIONS = YES;
				CLANG_ANALYZER_NONNULL = YES;
				CLANG_ANALYZER_NUMBER_OBJECT_CONVERSION = YES_AGGRESSIVE;
				CLANG_CXX_LANGUAGE_STANDARD = "gnu++20";
				CLANG_ENABLE_MODULES = YES;
				CLANG_ENABLE_OBJC_ARC = YES;
				CLANG_ENABLE_OBJC_WEAK = YES;
				CLANG_WARN_BLOCK_CAPTURE_AUTORELEASING = YES;
				CLANG_WARN_BOOL_CONVERSION = YES;
				CLANG_WARN_COMMA = YES;
				CLANG_WARN_CONSTANT_CONVERSION = YES;
				CLANG_WARN_DEPRECATED_OBJC_IMPLEMENTATIONS = YES;
				CLANG_WARN_DIRECT_OBJC_ISA_USAGE = YES_ERROR;
				CLANG_WARN_DOCUMENTATION_COMMENTS = YES;
				CLANG_WARN_EMPTY_BODY = YES;
				CLANG_WARN_ENUM_CONVERSION = YES;
				CLANG_WARN_INFINITE_RECURSION = YES;
				CLANG_WARN_INT_CONVERSION = YES;
				CLANG_WARN_NON_LITERAL_NULL_CONVERSION = YES;
				CLANG_WARN_OBJC_IMPLICIT_RETAIN_SELF = YES;
				CLANG_WARN_OBJC_LITERAL_CONVERSION = YES;
				CLANG_WARN_OBJC_ROOT_CLASS = YES_ERROR;
				CLANG_WARN_QUOTED_INCLUDE_IN_FRAMEWORK_HEADER = YES;
				CLANG_WARN_RANGE_LOOP_ANALYSIS = YES;
				CLANG_WARN_STRICT_PROTOTYPES = YES;
				CLANG_WARN_SUSPICIOUS_MOVE = YES;
				CLANG_WARN_UNGUARDED_AVAILABILITY = YES_AGGRESSIVE;
				CLANG_WARN_UNREACHABLE_CODE = YES;
				CLANG_WARN__DUPLICATE_METHOD_MATCH = YES;
				COPY_PHASE_STRIP = NO;
				DEBUG_INFORMATION_FORMAT = dwarf;
				ENABLE_STRICT_OBJC_MSGSEND = YES;
				ENABLE_TESTABILITY = YES;
				ENABLE_USER_SCRIPT_SANDBOXING = YES;
				GCC_C_LANGUAGE_STANDARD = gnu17;
				GCC_DYNAMIC_NO_PIC = NO;
				GCC_NO_COMMON_BLOCKS = YES;
				GCC_OPTIMIZATION_LEVEL = 0;
				GCC_PREPROCESSOR_DEFINITIONS = (
					"DEBUG=1",
					"$(inherited)",
				);
				GCC_WARN_64_TO_32_BIT_CONVERSION = YES;
				GCC_WARN_ABOUT_RETURN_TYPE = YES_ERROR;
				GCC_WARN_UNDECLARED_SELECTOR = YES;
				GCC_WARN_UNINITIALIZED_AUTOS = YES_AGGRESSIVE;
				GCC_WARN_UNUSED_FUNCTION = YES;
				GCC_WARN_UNUSED_VARIABLE = YES;
				LOCALIZATION_PREFERS_STRING_CATALOGS = YES;
				MTL_ENABLE_DEBUG_INFO = INCLUDE_SOURCE;
				MTL_FAST_MATH = YES;
				ONLY_ACTIVE_ARCH = YES;
				SWIFT_ACTIVE_COMPILATION_CONDITIONS = "DEBUG $(inherited)";
				SWIFT_OPTIMIZATION_LEVEL = "-Onone";
			};
			name = Debug;
		};
		78B1C81B2CEF480300360F92 /* Release */ = {
			isa = XCBuildConfiguration;
			buildSettings = {
				ALWAYS_SEARCH_USER_PATHS = NO;
				ASSETCATALOG_COMPILER_GENERATE_SWIFT_ASSET_SYMBOL_EXTENSIONS = YES;
				CLANG_ANALYZER_NONNULL = YES;
				CLANG_ANALYZER_NUMBER_OBJECT_CONVERSION = YES_AGGRESSIVE;
				CLANG_CXX_LANGUAGE_STANDARD = "gnu++20";
				CLANG_ENABLE_MODULES = YES;
				CLANG_ENABLE_OBJC_ARC = YES;
				CLANG_ENABLE_OBJC_WEAK = YES;
				CLANG_WARN_BLOCK_CAPTURE_AUTORELEASING = YES;
				CLANG_WARN_BOOL_CONVERSION = YES;
				CLANG_WARN_COMMA = YES;
				CLANG_WARN_CONSTANT_CONVERSION = YES;
				CLANG_WARN_DEPRECATED_OBJC_IMPLEMENTATIONS = YES;
				CLANG_WARN_DIRECT_OBJC_ISA_USAGE = YES_ERROR;
				CLANG_WARN_DOCUMENTATION_COMMENTS = YES;
				CLANG_WARN_EMPTY_BODY = YES;
				CLANG_WARN_ENUM_CONVERSION = YES;
				CLANG_WARN_INFINITE_RECURSION = YES;
				CLANG_WARN_INT_CONVERSION = YES;
				CLANG_WARN_NON_LITERAL_NULL_CONVERSION = YES;
				CLANG_WARN_OBJC_IMPLICIT_RETAIN_SELF = YES;
				CLANG_WARN_OBJC_LITERAL_CONVERSION = YES;
				CLANG_WARN_OBJC_ROOT_CLASS = YES_ERROR;
				CLANG_WARN_QUOTED_INCLUDE_IN_FRAMEWORK_HEADER = YES;
				CLANG_WARN_RANGE_LOOP_ANALYSIS = YES;
				CLANG_WARN_STRICT_PROTOTYPES = YES;
				CLANG_WARN_SUSPICIOUS_MOVE = YES;
				CLANG_WARN_UNGUARDED_AVAILABILITY = YES_AGGRESSIVE;
				CLANG_WARN_UNREACHABLE_CODE = YES;
				CLANG_WARN__DUPLICATE_METHOD_MATCH = YES;
				COPY_PHASE_STRIP = NO;
				DEBUG_INFORMATION_FORMAT = "dwarf-with-dsym";
				ENABLE_NS_ASSERTIONS = NO;
				ENABLE_STRICT_OBJC_MSGSEND = YES;
				ENABLE_USER_SCRIPT_SANDBOXING = YES;
				GCC_C_LANGUAGE_STANDARD = gnu17;
				GCC_NO_COMMON_BLOCKS = YES;
				GCC_WARN_64_TO_32_BIT_CONVERSION = YES;
				GCC_WARN_ABOUT_RETURN_TYPE = YES_ERROR;
				GCC_WARN_UNDECLARED_SELECTOR = YES;
				GCC_WARN_UNINITIALIZED_AUTOS = YES_AGGRESSIVE;
				GCC_WARN_UNUSED_FUNCTION = YES;
				GCC_WARN_UNUSED_VARIABLE = YES;
				LOCALIZATION_PREFERS_STRING_CATALOGS = YES;
				MTL_ENABLE_DEBUG_INFO = NO;
				MTL_FAST_MATH = YES;
				SWIFT_COMPILATION_MODE = wholemodule;
			};
			name = Release;
		};
		78B1C81D2CEF480300360F92 /* Debug */ = {
			isa = XCBuildConfiguration;
			buildSettings = {
				ASSETCATALOG_COMPILER_APPICON_NAME = AppIcon;
				ASSETCATALOG_COMPILER_GLOBAL_ACCENT_COLOR_NAME = AccentColor;
				CODE_SIGN_ENTITLEMENTS = App1055/App1055.entitlements;
				CODE_SIGN_STYLE = Automatic;
				CURRENT_PROJECT_VERSION = 1;
				DEVELOPMENT_ASSET_PATHS = "\"App1055/Preview Content\"";
				ENABLE_PREVIEWS = YES;
				GENERATE_INFOPLIST_FILE = YES;
				INFOPLIST_KEY_CFBundleDisplayName = "Ixb: MatchSport\n";
				"INFOPLIST_KEY_UIApplicationSceneManifest_Generation[sdk=iphoneos*]" = YES;
				"INFOPLIST_KEY_UIApplicationSceneManifest_Generation[sdk=iphonesimulator*]" = YES;
				"INFOPLIST_KEY_UIApplicationSupportsIndirectInputEvents[sdk=iphoneos*]" = YES;
				"INFOPLIST_KEY_UIApplicationSupportsIndirectInputEvents[sdk=iphonesimulator*]" = YES;
				"INFOPLIST_KEY_UILaunchScreen_Generation[sdk=iphoneos*]" = YES;
				"INFOPLIST_KEY_UILaunchScreen_Generation[sdk=iphonesimulator*]" = YES;
				INFOPLIST_KEY_UILaunchStoryboardName = "Launch Screen.storyboard";
				"INFOPLIST_KEY_UIStatusBarStyle[sdk=iphoneos*]" = UIStatusBarStyleDefault;
				"INFOPLIST_KEY_UIStatusBarStyle[sdk=iphonesimulator*]" = UIStatusBarStyleDefault;
				INFOPLIST_KEY_UISupportedInterfaceOrientations = UIInterfaceOrientationPortrait;
				INFOPLIST_KEY_UISupportedInterfaceOrientations_iPad = "UIInterfaceOrientationLandscapeLeft UIInterfaceOrientationLandscapeRight UIInterfaceOrientationPortrait UIInterfaceOrientationPortraitUpsideDown";
				IPHONEOS_DEPLOYMENT_TARGET = 14.0;
				LD_RUNPATH_SEARCH_PATHS = "@executable_path/Frameworks";
				"LD_RUNPATH_SEARCH_PATHS[sdk=macosx*]" = "@executable_path/../Frameworks";
				MACOSX_DEPLOYMENT_TARGET = 14.1;
				MARKETING_VERSION = 1.3;
				PRODUCT_BUNDLE_IDENTIFIER = IOI.App1055;
				PRODUCT_NAME = "$(TARGET_NAME)";
				SDKROOT = auto;
				SUPPORTED_PLATFORMS = "iphoneos iphonesimulator";
				SUPPORTS_MACCATALYST = NO;
				SWIFT_EMIT_LOC_STRINGS = YES;
				SWIFT_VERSION = 5.0;
				TARGETED_DEVICE_FAMILY = 1;
			};
			name = Debug;
		};
		78B1C81E2CEF480300360F92 /* Release */ = {
			isa = XCBuildConfiguration;
			buildSettings = {
				ASSETCATALOG_COMPILER_APPICON_NAME = AppIcon;
				ASSETCATALOG_COMPILER_GLOBAL_ACCENT_COLOR_NAME = AccentColor;
				CODE_SIGN_ENTITLEMENTS = App1055/App1055.entitlements;
				CODE_SIGN_STYLE = Automatic;
				CURRENT_PROJECT_VERSION = 1;
				DEVELOPMENT_ASSET_PATHS = "\"App1055/Preview Content\"";
				ENABLE_PREVIEWS = YES;
				GENERATE_INFOPLIST_FILE = YES;
				INFOPLIST_KEY_CFBundleDisplayName = "Ixb: MatchSport\n";
				"INFOPLIST_KEY_UIApplicationSceneManifest_Generation[sdk=iphoneos*]" = YES;
				"INFOPLIST_KEY_UIApplicationSceneManifest_Generation[sdk=iphonesimulator*]" = YES;
				"INFOPLIST_KEY_UIApplicationSupportsIndirectInputEvents[sdk=iphoneos*]" = YES;
				"INFOPLIST_KEY_UIApplicationSupportsIndirectInputEvents[sdk=iphonesimulator*]" = YES;
				"INFOPLIST_KEY_UILaunchScreen_Generation[sdk=iphoneos*]" = YES;
				"INFOPLIST_KEY_UILaunchScreen_Generation[sdk=iphonesimulator*]" = YES;
				INFOPLIST_KEY_UILaunchStoryboardName = "Launch Screen.storyboard";
				"INFOPLIST_KEY_UIStatusBarStyle[sdk=iphoneos*]" = UIStatusBarStyleDefault;
				"INFOPLIST_KEY_UIStatusBarStyle[sdk=iphonesimulator*]" = UIStatusBarStyleDefault;
				INFOPLIST_KEY_UISupportedInterfaceOrientations = UIInterfaceOrientationPortrait;
				INFOPLIST_KEY_UISupportedInterfaceOrientations_iPad = "UIInterfaceOrientationLandscapeLeft UIInterfaceOrientationLandscapeRight UIInterfaceOrientationPortrait UIInterfaceOrientationPortraitUpsideDown";
				IPHONEOS_DEPLOYMENT_TARGET = 14.0;
				LD_RUNPATH_SEARCH_PATHS = "@executable_path/Frameworks";
				"LD_RUNPATH_SEARCH_PATHS[sdk=macosx*]" = "@executable_path/../Frameworks";
				MACOSX_DEPLOYMENT_TARGET = 14.1;
				MARKETING_VERSION = 1.3;
				PRODUCT_BUNDLE_IDENTIFIER = IOI.App1055;
				PRODUCT_NAME = "$(TARGET_NAME)";
				SDKROOT = auto;
				SUPPORTED_PLATFORMS = "iphoneos iphonesimulator";
				SUPPORTS_MACCATALYST = NO;
				SWIFT_EMIT_LOC_STRINGS = YES;
				SWIFT_VERSION = 5.0;
				TARGETED_DEVICE_FAMILY = 1;
			};
			name = Release;
		};
/* End XCBuildConfiguration section */

/* Begin XCConfigurationList section */
		78B1C8082CEF47F500360F92 /* Build configuration list for PBXProject "App1055" */ = {
			isa = XCConfigurationList;
			buildConfigurations = (
				78B1C81A2CEF480300360F92 /* Debug */,
				78B1C81B2CEF480300360F92 /* Release */,
			);
			defaultConfigurationIsVisible = 0;
			defaultConfigurationName = Release;
		};
		78B1C81C2CEF480300360F92 /* Build configuration list for PBXNativeTarget "App1055" */ = {
			isa = XCConfigurationList;
			buildConfigurations = (
				78B1C81D2CEF480300360F92 /* Debug */,
				78B1C81E2CEF480300360F92 /* Release */,
			);
			defaultConfigurationIsVisible = 0;
			defaultConfigurationName = Release;
		};
/* End XCConfigurationList section */

/* Begin XCVersionGroup section */
		78B1C82A2CEF487600360F92 /* CoreModel.xcdatamodeld */ = {
			isa = XCVersionGroup;
			children = (
				78B1C82B2CEF487600360F92 /* CoreModel.xcdatamodel */,
			);
			currentVersion = 78B1C82B2CEF487600360F92 /* CoreModel.xcdatamodel */;
			name = CoreModel.xcdatamodeld;
			path = /Users/igor/Documents/Applications/App1055/App1055/All/Extensions/CoreModel.xcdatamodeld;
			sourceTree = "<group>";
			versionGroupType = wrapper.xcdatamodel;
		};
/* End XCVersionGroup section */
	};
	rootObject = 78B1C8052CEF47F500360F92 /* Project object */;
}
